{
  "name": "@felvin-search-apps/crop-image",
  "version": "1.0.0",
  "lockfileVersion": 1,
  "requires": true,
  "dependencies": {
    "clsx": {
      "version": "1.1.1",
      "resolved": "https://registry.npmjs.org/clsx/-/clsx-1.1.1.tgz",
      "integrity": "sha512-6/bPho624p3S2pMyvP5kKBPXnI3ufHLObBFCfgx+LkeR5lg2XYy2hqZqUf45ypD8COn2bhgGJSUE+l5dhNBieA=="
    },
    "react-image-crop": {
      "version": "9.0.4",
      "resolved": "https://registry.npmjs.org/react-image-crop/-/react-image-crop-9.0.4.tgz",
      "integrity": "sha512-+pdmTxZaYrf0HBrmkmVYOW3TeeEh/pPxIcXYjDmmx1IblxiLbuRTlEUG9o7fTxsNwWL1i5ZazBjxrNUK13ji+w==",
      "requires": {
        "clsx": "^1.1.1"
      }
    }
  }
}
